
Microsoft Visual Studio Solution File, Format Version 12.00
# Visual Studio Version 17
VisualStudioVersion = 17.2.32526.322
MinimumVisualStudioVersion = 10.0.40219.1
Project("{FAE04EC0-301F-11D3-BF4B-00C04F79EFBC}") = "question12", "question12\question12.csproj", "{B6A3053C-91DC-4260-8531-C57F95C51D74}"
EndProject
Project("{2150E333-8FDC-42A3-9474-1A3956D46DE8}") = "Solution Items", "Solution Items", "{F5BB441B-49A2-462F-A7DC-B6CA01034288}"
	ProjectSection(SolutionItems) = preProject
		.editorconfig = .editorconfig
	EndProjectSection
EndProject
Global
	GlobalSection(SolutionConfigurationPlatforms) = preSolution
		Debug|Any CPU = Debug|Any CPU
		Release|Any CPU = Release|Any CPU
	EndGlobalSection
	GlobalSection(ProjectConfigurationPlatforms) = postSolution
		{B6A3053C-91DC-4260-8531-C57F95C51D74}.Debug|Any CPU.ActiveCfg = Debug|Any CPU
		{B6A3053C-91DC-4260-8531-C57F95C51D74}.Debug|Any CPU.Build.0 = Debug|Any CPU
		{B6A3053C-91DC-4260-8531-C57F95C51D74}.Release|Any CPU.ActiveCfg = Release|Any CPU
		{B6A3053C-91DC-4260-8531-C57F95C51D74}.Release|Any CPU.Build.0 = Release|Any CPU
	EndGlobalSection
	GlobalSection(SolutionProperties) = preSolution
		HideSolutionNode = FALSE
	EndGlobalSection
	GlobalSection(ExtensibilityGlobals) = postSolution
		SolutionGuid = {CCD4382D-A620-48A3-9770-8A0E83B77848}
	EndGlobalSection
EndGlobal
